# @generated by Move, please check-in and do not edit manually.

[move]
version = 3
manifest_digest = "6179BB46138D9AC6350F7E82722A62723F79A88899C0BE4EB58FBB20B43B4662"
deps_digest = "F9B494B64F0615AED0E98FC12A85B85ECD2BC5185C22D30E7F67786BB52E507C"
dependencies = [
  { id = "Bridge", name = "Bridge" },
  { id = "MoveStdlib", name = "MoveStdlib" },
  { id = "Sui", name = "Sui" },
  { id = "SuiSystem", name = "SuiSystem" },
]

[[move.package]]
id = "Bridge"
source = { git = "https://github.com/MystenLabs/sui.git", rev = "db951a5ea6b125f6253a6b7f436ddba46eb0feb3", subdir = "crates/sui-framework/packages/bridge" }

dependencies = [
  { id = "MoveStdlib", name = "MoveStdlib" },
  { id = "Sui", name = "Sui" },
  { id = "SuiSystem", name = "SuiSystem" },
]

[[move.package]]
id = "MoveStdlib"
source = { git = "https://github.com/MystenLabs/sui.git", rev = "db951a5ea6b125f6253a6b7f436ddba46eb0feb3", subdir = "crates/sui-framework/packages/move-stdlib" }

[[move.package]]
id = "Sui"
source = { git = "https://github.com/MystenLabs/sui.git", rev = "db951a5ea6b125f6253a6b7f436ddba46eb0feb3", subdir = "crates/sui-framework/packages/sui-framework" }

dependencies = [
  { id = "MoveStdlib", name = "MoveStdlib" },
]

[[move.package]]
id = "SuiSystem"
source = { git = "https://github.com/MystenLabs/sui.git", rev = "db951a5ea6b125f6253a6b7f436ddba46eb0feb3", subdir = "crates/sui-framework/packages/sui-system" }

dependencies = [
  { id = "MoveStdlib", name = "MoveStdlib" },
  { id = "Sui", name = "Sui" },
]

[move.toolchain-version]
compiler-version = "1.54.2"
edition = "2024.beta"
flavor = "sui"

[env]

[env.localnet]
chain-id = "85de053c"
original-published-id = "0xc6316bc103d69b085a1f953b3edf91cd413742d2b1c701519e0871e46ce071b2"
latest-published-id = "0xc6316bc103d69b085a1f953b3edf91cd413742d2b1c701519e0871e46ce071b2"
published-version = "1"

[env.mainnet]
chain-id = "35834a8a"
original-published-id = "0xfc1922ae0f9021550924b4b353bb595ec3e78a72a4fe6da351dd9af376dd1614"
latest-published-id = "0xfc1922ae0f9021550924b4b353bb595ec3e78a72a4fe6da351dd9af376dd1614"
published-version = "1"

[env.testnet]
chain-id = "4c78adac"
original-published-id = "0xdd1e682de1cb85bad554e4db5bd172e8079478e0de7b0b6e8e244e63d06493d9"
latest-published-id = "0xdd1e682de1cb85bad554e4db5bd172e8079478e0de7b0b6e8e244e63d06493d9"
published-version = "1"

[env.devnet]
chain-id = "f3356fa1"
original-published-id = "0xb4fa3e6c94aa99ff2cf32e4556ff958ecf4875e2614ac8e8300720bec370ca8d"
latest-published-id = "0xb4fa3e6c94aa99ff2cf32e4556ff958ecf4875e2614ac8e8300720bec370ca8d"
published-version = "1"
